
Microsoft Visual Studio Solution File, Format Version 12.00
# Visual Studio Version 17
VisualStudioVersion = 17.5.33530.505
MinimumVisualStudioVersion = 10.0.40219.1
Project("{FAE04EC0-301F-11D3-BF4B-00C04F79EFBC}") = "XmlParser", "XmlParser\XmlParser.csproj", "{61DF7E82-A23A-4123-A7EB-7B4E615EBA5B}"
EndProject
Project("{FAE04EC0-301F-11D3-BF4B-00C04F79EFBC}") = "XmpParserApp", "XmpParserApp\XmpParserApp.csproj", "{7E29A138-14BE-46D7-BEF6-DA0B38B26FA6}"
EndProject
Global
	GlobalSection(SolutionConfigurationPlatforms) = preSolution
		Debug|Any CPU = Debug|Any CPU
		Release|Any CPU = Release|Any CPU
	EndGlobalSection
	GlobalSection(ProjectConfigurationPlatforms) = postSolution
		{61DF7E82-A23A-4123-A7EB-7B4E615EBA5B}.Debug|Any CPU.ActiveCfg = Debug|Any CPU
		{61DF7E82-A23A-4123-A7EB-7B4E615EBA5B}.Debug|Any CPU.Build.0 = Debug|Any CPU
		{61DF7E82-A23A-4123-A7EB-7B4E615EBA5B}.Release|Any CPU.ActiveCfg = Release|Any CPU
		{61DF7E82-A23A-4123-A7EB-7B4E615EBA5B}.Release|Any CPU.Build.0 = Release|Any CPU
		{7E29A138-14BE-46D7-BEF6-DA0B38B26FA6}.Debug|Any CPU.ActiveCfg = Debug|Any CPU
		{7E29A138-14BE-46D7-BEF6-DA0B38B26FA6}.Debug|Any CPU.Build.0 = Debug|Any CPU
		{7E29A138-14BE-46D7-BEF6-DA0B38B26FA6}.Release|Any CPU.ActiveCfg = Release|Any CPU
		{7E29A138-14BE-46D7-BEF6-DA0B38B26FA6}.Release|Any CPU.Build.0 = Release|Any CPU
	EndGlobalSection
	GlobalSection(SolutionProperties) = preSolution
		HideSolutionNode = FALSE
	EndGlobalSection
	GlobalSection(ExtensibilityGlobals) = postSolution
		SolutionGuid = {D0675E8E-6949-4F7B-BB16-D5724CDB232E}
	EndGlobalSection
EndGlobal
